
Microsoft Visual Studio Solution File, Format Version 12.00
# Visual Studio Version 16
VisualStudioVersion = 16.0.29728.190
MinimumVisualStudioVersion = 10.0.40219.1
Project("{FAE04EC0-301F-11D3-BF4B-00C04F79EFBC}") = "CorePractice", "CorePractice\CorePractice.csproj", "{371EDC78-C9CB-4F3A-B56E-6C23D72E8C1E}"
EndProject
Global
	GlobalSection(SolutionConfigurationPlatforms) = preSolution
		Debug|Any CPU = Debug|Any CPU
		Release|Any CPU = Release|Any CPU
	EndGlobalSection
	GlobalSection(ProjectConfigurationPlatforms) = postSolution
		{371EDC78-C9CB-4F3A-B56E-6C23D72E8C1E}.Debug|Any CPU.ActiveCfg = Debug|Any CPU
		{371EDC78-C9CB-4F3A-B56E-6C23D72E8C1E}.Debug|Any CPU.Build.0 = Debug|Any CPU
		{371EDC78-C9CB-4F3A-B56E-6C23D72E8C1E}.Release|Any CPU.ActiveCfg = Release|Any CPU
		{371EDC78-C9CB-4F3A-B56E-6C23D72E8C1E}.Release|Any CPU.Build.0 = Release|Any CPU
	EndGlobalSection
	GlobalSection(SolutionProperties) = preSolution
		HideSolutionNode = FALSE
	EndGlobalSection
	GlobalSection(ExtensibilityGlobals) = postSolution
		SolutionGuid = {28DF0F30-1BD5-4221-883B-2AC390E3A10A}
	EndGlobalSection
EndGlobal
